
Microsoft Visual Studio Solution File, Format Version 12.00
Project("{FAE04EC0-301F-11D3-BF4B-00C04F79EFBC}") = "HostingMasterLibrary", "HostingMasterLibrary\HostingMasterLibrary.csproj", "{22D06D32-0CA0-425E-99D4-6DF7122F8F85}"
EndProject
Project("{FAE04EC0-301F-11D3-BF4B-00C04F79EFBC}") = "Client", "Client\Client.csproj", "{A031C513-38F5-4970-9F35-90328A58154E}"
EndProject
Project("{FAE04EC0-301F-11D3-BF4B-00C04F79EFBC}") = "Server", "Server\Server.csproj", "{B2D6B06A-7A5D-4D03-8CF8-19857CA7E974}"
EndProject
Global
	GlobalSection(SolutionConfigurationPlatforms) = preSolution
		Debug|Any CPU = Debug|Any CPU
		Release|Any CPU = Release|Any CPU
	EndGlobalSection
	GlobalSection(ProjectConfigurationPlatforms) = postSolution
		{22D06D32-0CA0-425E-99D4-6DF7122F8F85}.Debug|Any CPU.ActiveCfg = Debug|Any CPU
		{22D06D32-0CA0-425E-99D4-6DF7122F8F85}.Debug|Any CPU.Build.0 = Debug|Any CPU
		{22D06D32-0CA0-425E-99D4-6DF7122F8F85}.Release|Any CPU.ActiveCfg = Release|Any CPU
		{22D06D32-0CA0-425E-99D4-6DF7122F8F85}.Release|Any CPU.Build.0 = Release|Any CPU
		{A031C513-38F5-4970-9F35-90328A58154E}.Debug|Any CPU.ActiveCfg = Debug|Any CPU
		{A031C513-38F5-4970-9F35-90328A58154E}.Debug|Any CPU.Build.0 = Debug|Any CPU
		{A031C513-38F5-4970-9F35-90328A58154E}.Release|Any CPU.ActiveCfg = Release|Any CPU
		{A031C513-38F5-4970-9F35-90328A58154E}.Release|Any CPU.Build.0 = Release|Any CPU
		{B2D6B06A-7A5D-4D03-8CF8-19857CA7E974}.Debug|Any CPU.ActiveCfg = Debug|Any CPU
		{B2D6B06A-7A5D-4D03-8CF8-19857CA7E974}.Debug|Any CPU.Build.0 = Debug|Any CPU
		{B2D6B06A-7A5D-4D03-8CF8-19857CA7E974}.Release|Any CPU.ActiveCfg = Release|Any CPU
		{B2D6B06A-7A5D-4D03-8CF8-19857CA7E974}.Release|Any CPU.Build.0 = Release|Any CPU
	EndGlobalSection
EndGlobal
